
Microsoft Visual Studio Solution File, Format Version 12.00
# Visual Studio Version 17
VisualStudioVersion = 17.10.35013.160
MinimumVisualStudioVersion = 10.0.40219.1
Project("{FAE04EC0-301F-11D3-BF4B-00C04F79EFBC}") = "CustomerManagerAPI", "CustomerManagerAPI\CustomerManagerAPI.csproj", "{2FEFC795-223D-4525-BBC9-CAAD01D2DBDF}"
EndProject
Project("{FAE04EC0-301F-11D3-BF4B-00C04F79EFBC}") = "CustomerManagerClient", "CustomerManagerClient\CustomerManagerClient.csproj", "{356B76CC-C2A1-4DCD-A24C-AA113C147029}"
EndProject
Global
	GlobalSection(SolutionConfigurationPlatforms) = preSolution
		Debug|Any CPU = Debug|Any CPU
		Release|Any CPU = Release|Any CPU
	EndGlobalSection
	GlobalSection(ProjectConfigurationPlatforms) = postSolution
		{2FEFC795-223D-4525-BBC9-CAAD01D2DBDF}.Debug|Any CPU.ActiveCfg = Debug|Any CPU
		{2FEFC795-223D-4525-BBC9-CAAD01D2DBDF}.Debug|Any CPU.Build.0 = Debug|Any CPU
		{2FEFC795-223D-4525-BBC9-CAAD01D2DBDF}.Release|Any CPU.ActiveCfg = Release|Any CPU
		{2FEFC795-223D-4525-BBC9-CAAD01D2DBDF}.Release|Any CPU.Build.0 = Release|Any CPU
		{356B76CC-C2A1-4DCD-A24C-AA113C147029}.Debug|Any CPU.ActiveCfg = Debug|Any CPU
		{356B76CC-C2A1-4DCD-A24C-AA113C147029}.Debug|Any CPU.Build.0 = Debug|Any CPU
		{356B76CC-C2A1-4DCD-A24C-AA113C147029}.Release|Any CPU.ActiveCfg = Release|Any CPU
		{356B76CC-C2A1-4DCD-A24C-AA113C147029}.Release|Any CPU.Build.0 = Release|Any CPU
	EndGlobalSection
	GlobalSection(SolutionProperties) = preSolution
		HideSolutionNode = FALSE
	EndGlobalSection
	GlobalSection(ExtensibilityGlobals) = postSolution
		SolutionGuid = {AB4BD8A4-91BE-4E46-996C-8EF81B078616}
	EndGlobalSection
EndGlobal
